// !$*UTF8*$!
{
	archiveVersion = 1;
	classes = {
	};
	objectVersion = 46;
	objects = {

/* Begin PBXBuildFile section */
		E3514AD51DF1ABEF00D3A475 /* main.m in Sources */ = {isa = PBXBuildFile; fileRef = E3514AD41DF1ABEF00D3A475 /* main.m */; };
		E3514AD81DF1ABEF00D3A475 /* AppDelegate.m in Sources */ = {isa = PBXBuildFile; fileRef = E3514AD71DF1ABEF00D3A475 /* AppDelegate.m */; };
		E3514ADB1DF1ABEF00D3A475 /* ViewController.m in Sources */ = {isa = PBXBuildFile; fileRef = E3514ADA1DF1ABEF00D3A475 /* ViewController.m */; };
		E3514ADE1DF1ABEF00D3A475 /* Main.storyboard in Resources */ = {isa = PBXBuildFile; fileRef = E3514ADC1DF1ABEF00D3A475 /* Main.storyboard */; };
		E3514AE11DF1ABEF00D3A475 /* JOYOkey.xcdatamodeld in Sources */ = {isa = PBXBuildFile; fileRef = E3514ADF1DF1ABEF00D3A475 /* JOYOkey.xcdatamodeld */; };
		E3514AE31DF1ABEF00D3A475 /* Assets.xcassets in Resources */ = {isa = PBXBuildFile; fileRef = E3514AE21DF1ABEF00D3A475 /* Assets.xcassets */; };
		E3514AE61DF1ABEF00D3A475 /* LaunchScreen.storyboard in Resources */ = {isa = PBXBuildFile; fileRef = E3514AE41DF1ABEF00D3A475 /* LaunchScreen.storyboard */; };
/* End PBXBuildFile section */

/* Begin PBXFileReference section */
		E3514AD01DF1ABEF00D3A475 /* JOYOkey.app */ = {isa = PBXFileReference; explicitFileType = wrapper.application; includeInIndex = 0; path = JOYOkey.app; sourceTree = BUILT_PRODUCTS_DIR; };
		E3514AD41DF1ABEF00D3A475 /* main.m */ = {isa = PBXFileReference; lastKnownFileType = sourcecode.c.objc; path = main.m; sourceTree = "<group>"; };
		E3514AD61DF1ABEF00D3A475 /* AppDelegate.h */ = {isa = PBXFileReference; lastKnownFileType = sourcecode.c.h; path = AppDelegate.h; sourceTree = "<group>"; };
		E3514AD71DF1ABEF00D3A475 /* AppDelegate.m */ = {isa = PBXFileReference; lastKnownFileType = sourcecode.c.objc; path = AppDelegate.m; sourceTree = "<group>"; };
		E3514AD91DF1ABEF00D3A475 /* ViewController.h */ = {isa = PBXFileReference; lastKnownFileType = sourcecode.c.h; path = ViewController.h; sourceTree = "<group>"; };
		E3514ADA1DF1ABEF00D3A475 /* ViewController.m */ = {isa = PBXFileReference; lastKnownFileType = sourcecode.c.objc; path = ViewController.m; sourceTree = "<group>"; };
		E3514ADD1DF1ABEF00D3A475 /* Base */ = {isa = PBXFileReference; lastKnownFileType = file.storyboard; name = Base; path = Base.lproj/Main.storyboard; sourceTree = "<group>"; };
		E3514AE01DF1ABEF00D3A475 /* JOYOkey.xcdatamodel */ = {isa = PBXFileReference; lastKnownFileType = wrapper.xcdatamodel; path = JOYOkey.xcdatamodel; sourceTree = "<group>"; };
		E3514AE21DF1ABEF00D3A475 /* Assets.xcassets */ = {isa = PBXFileReference; lastKnownFileType = folder.assetcatalog; path = Assets.xcassets; sourceTree = "<group>"; };
		E3514AE51DF1ABEF00D3A475 /* Base */ = {isa = PBXFileReference; lastKnownFileType = file.storyboard; name = Base; path = Base.lproj/LaunchScreen.storyboard; sourceTree = "<group>"; };
		E3514AE71DF1ABEF00D3A475 /* Info.plist */ = {isa = PBXFileReference; lastKnownFileType = text.plist.xml; path = Info.plist; sourceTree = "<group>"; };
/* End PBXFileReference section */

/* Begin PBXFrameworksBuildPhase section */
		E3514ACD1DF1ABEF00D3A475 /* Frameworks */ = {
			isa = PBXFrameworksBuildPhase;
			buildActionMask = 2147483647;
			files = (
			);
			runOnlyForDeploymentPostprocessing = 0;
		};
/* End PBXFrameworksBuildPhase section */

/* Begin PBXGroup section */
		E3514AC71DF1ABEF00D3A475 = {
			isa = PBXGroup;
			children = (
				E3514AD21DF1ABEF00D3A475 /* JOYOkey */,
				E3514AD11DF1ABEF00D3A475 /* Products */,
			);
			sourceTree = "<group>";
		};
		E3514AD11DF1ABEF00D3A475 /* Products */ = {
			isa = PBXGroup;
			children = (
				E3514AD01DF1ABEF00D3A475 /* JOYOkey.app */,
			);
			name = Products;
			sourceTree = "<group>";
		};
		E3514AD21DF1ABEF00D3A475 /* JOYOkey */ = {
			isa = PBXGroup;
			children = (
				E3514AD61DF1ABEF00D3A475 /* AppDelegate.h */,
				E3514AD71DF1ABEF00D3A475 /* AppDelegate.m */,
				E3514AD91DF1ABEF00D3A475 /* ViewController.h */,
				E3514ADA1DF1ABEF00D3A475 /* ViewController.m */,
				E3514ADC1DF1ABEF00D3A475 /* Main.storyboard */,
				E3514AE21DF1ABEF00D3A475 /* Assets.xcassets */,
				E3514AE41DF1ABEF00D3A475 /* LaunchScreen.storyboard */,
				E3514AE71DF1ABEF00D3A475 /* Info.plist */,
				E3514ADF1DF1ABEF00D3A475 /* JOYOkey.xcdatamodeld */,
				E3514AD31DF1ABEF00D3A475 /* Supporting Files */,
			);
			path = JOYOkey;
			sourceTree = "<group>";
		};
		E3514AD31DF1ABEF00D3A475 /* Supporting Files */ = {
			isa = PBXGroup;
			children = (
				E3514AD41DF1ABEF00D3A475 /* main.m */,
			);
			name = "Supporting Files";
			sourceTree = "<group>";
		};
/* End PBXGroup section */

/* Begin PBXNativeTarget section */
		E3514ACF1DF1ABEF00D3A475 /* JOYOkey */ = {
			isa = PBXNativeTarget;
			buildConfigurationList = E3514AEA1DF1ABEF00D3A475 /* Build configuration list for PBXNativeTarget "JOYOkey" */;
			buildPhases = (
				E3514ACC1DF1ABEF00D3A475 /* Sources */,
				E3514ACD1DF1ABEF00D3A475 /* Frameworks */,
				E3514ACE1DF1ABEF00D3A475 /* Resources */,
			);
			buildRules = (
			);
			dependencies = (
			);
			name = JOYOkey;
			productName = JOYOkey;
			productReference = E3514AD01DF1ABEF00D3A475 /* JOYOkey.app */;
			productType = "com.apple.product-type.application";
		};
/* End PBXNativeTarget section */

/* Begin PBXProject section */
		E3514AC81DF1ABEF00D3A475 /* Project object */ = {
			isa = PBXProject;
			attributes = {
				LastUpgradeCheck = 0810;
				ORGANIZATIONNAME = tarena;
				TargetAttributes = {
					E3514ACF1DF1ABEF00D3A475 = {
						CreatedOnToolsVersion = 8.1;
						ProvisioningStyle = Automatic;
					};
				};
			};
			buildConfigurationList = E3514ACB1DF1ABEF00D3A475 /* Build configuration list for PBXProject "JOYOkey" */;
			compatibilityVersion = "Xcode 3.2";
			developmentRegion = English;
			hasScannedForEncodings = 0;
			knownRegions = (
				en,
				Base,
			);
			mainGroup = E3514AC71DF1ABEF00D3A475;
			productRefGroup = E3514AD11DF1ABEF00D3A475 /* Products */;
			projectDirPath = "";
			projectRoot = "";
			targets = (
				E3514ACF1DF1ABEF00D3A475 /* JOYOkey */,
			);
		};
/* End PBXProject section */

/* Begin PBXResourcesBuildPhase section */
		E3514ACE1DF1ABEF00D3A475 /* Resources */ = {
			isa = PBXResourcesBuildPhase;
			buildActionMask = 2147483647;
			files = (
				E3514AE61DF1ABEF00D3A475 /* LaunchScreen.storyboard in Resources */,
				E3514AE31DF1ABEF00D3A475 /* Assets.xcassets in Resources */,
				E3514ADE1DF1ABEF00D3A475 /* Main.storyboard in Resources */,
			);
			runOnlyForDeploymentPostprocessing = 0;
		};
/* End PBXResourcesBuildPhase section */

/* Begin PBXSourcesBuildPhase section */
		E3514ACC1DF1ABEF00D3A475 /* Sources */ = {
			isa = PBXSourcesBuildPhase;
			buildActionMask = 2147483647;
			files = (
				E3514ADB1DF1ABEF00D3A475 /* ViewController.m in Sources */,
				E3514AD81DF1ABEF00D3A475 /* AppDelegate.m in Sources */,
				E3514AE11DF1ABEF00D3A475 /* JOYOkey.xcdatamodeld in Sources */,
				E3514AD51DF1ABEF00D3A475 /* main.m in Sources */,
			);
			runOnlyForDeploymentPostprocessing = 0;
		};
/* End PBXSourcesBuildPhase section */

/* Begin PBXVariantGroup section */
		E3514ADC1DF1ABEF00D3A475 /* Main.storyboard */ = {
			isa = PBXVariantGroup;
			children = (
				E3514ADD1DF1ABEF00D3A475 /* Base */,
			);
			name = Main.storyboard;
			sourceTree = "<group>";
		};
		E3514AE41DF1ABEF00D3A475 /* LaunchScreen.storyboard */ = {
			isa = PBXVariantGroup;
			children = (
				E3514AE51DF1ABEF00D3A475 /* Base */,
			);
			name = LaunchScreen.storyboard;
			sourceTree = "<group>";
		};
/* End PBXVariantGroup section */

/* Begin XCBuildConfiguration section */
		E3514AE81DF1ABEF00D3A475 /* Debug */ = {
			isa = XCBuildConfiguration;
			buildSettings = {
				ALWAYS_SEARCH_USER_PATHS = NO;
				CLANG_ANALYZER_NONNULL = YES;
				CLANG_CXX_LANGUAGE_STANDARD = "gnu++0x";
				CLANG_CXX_LIBRARY = "libc++";
				CLANG_ENABLE_MODULES = YES;
				CLANG_ENABLE_OBJC_ARC = YES;
				CLANG_WARN_BOOL_CONVERSION = YES;
				CLANG_WARN_CONSTANT_CONVERSION = YES;
				CLANG_WARN_DIRECT_OBJC_ISA_USAGE = YES_ERROR;
				CLANG_WARN_DOCUMENTATION_COMMENTS = YES;
				CLANG_WARN_EMPTY_BODY = YES;
				CLANG_WARN_ENUM_CONVERSION = YES;
				CLANG_WARN_INFINITE_RECURSION = YES;
				CLANG_WARN_INT_CONVERSION = YES;
				CLANG_WARN_OBJC_ROOT_CLASS = YES_ERROR;
				CLANG_WARN_SUSPICIOUS_MOVES = YES;
				CLANG_WARN_UNREACHABLE_CODE = YES;
				CLANG_WARN__DUPLICATE_METHOD_MATCH = YES;
				"CODE_SIGN_IDENTITY[sdk=iphoneos*]" = "iPhone Developer";
				COPY_PHASE_STRIP = NO;
				DEBUG_INFORMATION_FORMAT = dwarf;
				ENABLE_STRICT_OBJC_MSGSEND = YES;
				ENABLE_TESTABILITY = YES;
				GCC_C_LANGUAGE_STANDARD = gnu99;
				GCC_DYNAMIC_NO_PIC = NO;
				GCC_NO_COMMON_BLOCKS = YES;
				GCC_OPTIMIZATION_LEVEL = 0;
				GCC_PREPROCESSOR_DEFINITIONS = (
					"DEBUG=1",
					"$(inherited)",
				);
				GCC_WARN_64_TO_32_BIT_CONVERSION = YES;
				GCC_WARN_ABOUT_RETURN_TYPE = YES_ERROR;
				GCC_WARN_UNDECLARED_SELECTOR = YES;
				GCC_WARN_UNINITIALIZED_AUTOS = YES_AGGRESSIVE;
				GCC_WARN_UNUSED_FUNCTION = YES;
				GCC_WARN_UNUSED_VARIABLE = YES;
				IPHONEOS_DEPLOYMENT_TARGET = 10.1;
				MTL_ENABLE_DEBUG_INFO = YES;
				ONLY_ACTIVE_ARCH = YES;
				SDKROOT = iphoneos;
			};
			name = Debug;
		};
		E3514AE91DF1ABEF00D3A475 /* Release */ = {
			isa = XCBuildConfiguration;
			buildSettings = {
				ALWAYS_SEARCH_USER_PATHS = NO;
				CLANG_ANALYZER_NONNULL = YES;
				CLANG_CXX_LANGUAGE_STANDARD = "gnu++0x";
				CLANG_CXX_LIBRARY = "libc++";
				CLANG_ENABLE_MODULES = YES;
				CLANG_ENABLE_OBJC_ARC = YES;
				CLANG_WARN_BOOL_CONVERSION = YES;
				CLANG_WARN_CONSTANT_CONVERSION = YES;
				CLANG_WARN_DIRECT_OBJC_ISA_USAGE = YES_ERROR;
				CLANG_WARN_DOCUMENTATION_COMMENTS = YES;
				CLANG_WARN_EMPTY_BODY = YES;
				CLANG_WARN_ENUM_CONVERSION = YES;
				CLANG_WARN_INFINITE_RECURSION = YES;
				CLANG_WARN_INT_CONVERSION = YES;
				CLANG_WARN_OBJC_ROOT_CLASS = YES_ERROR;
				CLANG_WARN_SUSPICIOUS_MOVES = YES;
				CLANG_WARN_UNREACHABLE_CODE = YES;
				CLANG_WARN__DUPLICATE_METHOD_MATCH = YES;
				"CODE_SIGN_IDENTITY[sdk=iphoneos*]" = "iPhone Developer";
				COPY_PHASE_STRIP = NO;
				DEBUG_INFORMATION_FORMAT = "dwarf-with-dsym";
				ENABLE_NS_ASSERTIONS = NO;
				ENABLE_STRICT_OBJC_MSGSEND = YES;
				GCC_C_LANGUAGE_STANDARD = gnu99;
				GCC_NO_COMMON_BLOCKS = YES;
				GCC_WARN_64_TO_32_BIT_CONVERSION = YES;
				GCC_WARN_ABOUT_RETURN_TYPE = YES_ERROR;
				GCC_WARN_UNDECLARED_SELECTOR = YES;
				GCC_WARN_UNINITIALIZED_AUTOS = YES_AGGRESSIVE;
				GCC_WARN_UNUSED_FUNCTION = YES;
				GCC_WARN_UNUSED_VARIABLE = YES;
				IPHONEOS_DEPLOYMENT_TARGET = 10.1;
				MTL_ENABLE_DEBUG_INFO = NO;
				SDKROOT = iphoneos;
				VALIDATE_PRODUCT = YES;
			};
			name = Release;
		};
		E3514AEB1DF1ABEF00D3A475 /* Debug */ = {
			isa = XCBuildConfiguration;
			buildSettings = {
				ASSETCATALOG_COMPILER_APPICON_NAME = AppIcon;
				INFOPLIST_FILE = JOYOkey/Info.plist;
				LD_RUNPATH_SEARCH_PATHS = "$(inherited) @executable_path/Frameworks";
				PRODUCT_BUNDLE_IDENTIFIER = cn.tedu.JOYOkey;
				PRODUCT_NAME = "$(TARGET_NAME)";
			};
			name = Debug;
		};
		E3514AEC1DF1ABEF00D3A475 /* Release */ = {
			isa = XCBuildConfiguration;
			buildSettings = {
				ASSETCATALOG_COMPILER_APPICON_NAME = AppIcon;
				INFOPLIST_FILE = JOYOkey/Info.plist;
				LD_RUNPATH_SEARCH_PATHS = "$(inherited) @executable_path/Frameworks";
				PRODUCT_BUNDLE_IDENTIFIER = cn.tedu.JOYOkey;
				PRODUCT_NAME = "$(TARGET_NAME)";
			};
			name = Release;
		};
/* End XCBuildConfiguration section */

/* Begin XCConfigurationList section */
		E3514ACB1DF1ABEF00D3A475 /* Build configuration list for PBXProject "JOYOkey" */ = {
			isa = XCConfigurationList;
			buildConfigurations = (
				E3514AE81DF1ABEF00D3A475 /* Debug */,
				E3514AE91DF1ABEF00D3A475 /* Release */,
			);
			defaultConfigurationIsVisible = 0;
			defaultConfigurationName = Release;
		};
		E3514AEA1DF1ABEF00D3A475 /* Build configuration list for PBXNativeTarget "JOYOkey" */ = {
			isa = XCConfigurationList;
			buildConfigurations = (
				E3514AEB1DF1ABEF00D3A475 /* Debug */,
				E3514AEC1DF1ABEF00D3A475 /* Release */,
			);
			defaultConfigurationIsVisible = 0;
		};
/* End XCConfigurationList section */

/* Begin XCVersionGroup section */
		E3514ADF1DF1ABEF00D3A475 /* JOYOkey.xcdatamodeld */ = {
			isa = XCVersionGroup;
			children = (
				E3514AE01DF1ABEF00D3A475 /* JOYOkey.xcdatamodel */,
			);
			currentVersion = E3514AE01DF1ABEF00D3A475 /* JOYOkey.xcdatamodel */;
			path = JOYOkey.xcdatamodeld;
			sourceTree = "<group>";
			versionGroupType = wrapper.xcdatamodel;
		};
/* End XCVersionGroup section */
	};
	rootObject = E3514AC81DF1ABEF00D3A475 /* Project object */;
}
